PODS:
  - DJI-SDK-iOS (4.15.1)
  - DJIFlySafeDatabaseResource (01.00.01.18)
  - DJIWidget (1.6.5)

DEPENDENCIES:
  - DJI-SDK-iOS (~> 4.15.1)
  - DJIFlySafeDatabaseResource (~> 01.00.01.18)
  - DJIWidget (~> 1.6.5)

SPEC REPOS:
  https://github.com/CocoaPods/Specs.git:
    - DJI-SDK-iOS
    - DJIFlySafeDatabaseResource
    - DJIWidget

SPEC CHECKSUMS:
  DJI-SDK-iOS: f145618ee7727c4ef579b7293e5f805198463446
  DJIFlySafeDatabaseResource: 400e1856340042bd6943e53c2d4b374ac8409702
  DJIWidget: c592143a31f182a7e97a894168c4363ad42c6ff2

PODFILE CHECKSUM: db5105767f243081eb39e3795bdbcd4a322d38ab

COCOAPODS: 1.8.4
